
Microsoft Visual Studio Solution File, Format Version 12.00
# Visual Studio Version 17
VisualStudioVersion = 17.4.33110.190
MinimumVisualStudioVersion = 10.0.40219.1
Project("{FAE04EC0-301F-11D3-BF4B-00C04F79EFBC}") = "WpfApp1", "WpfApp1.csproj", "{D256CB0F-5D17-48E2-8656-265F2E4448D7}"
EndProject
Project("{2150E333-8FDC-42A3-9474-1A3956D46DE8}") = "postavki", "postavki", "{6C350CDB-94A4-4216-AAAE-535795B8E648}"
	ProjectSection(SolutionItems) = preProject
		AddPostav.xaml = AddPostav.xaml
		AddPostav.xaml.cs = AddPostav.xaml.cs
	EndProjectSection
EndProject
Global
	GlobalSection(SolutionConfigurationPlatforms) = preSolution
		Debug|Any CPU = Debug|Any CPU
		Release|Any CPU = Release|Any CPU
	EndGlobalSection
	GlobalSection(ProjectConfigurationPlatforms) = postSolution
		{D256CB0F-5D17-48E2-8656-265F2E4448D7}.Debug|Any CPU.ActiveCfg = Debug|Any CPU
		{D256CB0F-5D17-48E2-8656-265F2E4448D7}.Debug|Any CPU.Build.0 = Debug|Any CPU
		{D256CB0F-5D17-48E2-8656-265F2E4448D7}.Release|Any CPU.ActiveCfg = Release|Any CPU
		{D256CB0F-5D17-48E2-8656-265F2E4448D7}.Release|Any CPU.Build.0 = Release|Any CPU
	EndGlobalSection
	GlobalSection(SolutionProperties) = preSolution
		HideSolutionNode = FALSE
	EndGlobalSection
	GlobalSection(ExtensibilityGlobals) = postSolution
		SolutionGuid = {2917AB0E-6257-42D2-9E4F-437D84109A6D}
	EndGlobalSection
EndGlobal
